<?xml version="1.0" encoding="utf-8"?>
<Project ToolsVersion="4.0" xmlns="http://schemas.microsoft.com/developer/msbuild/2003">
  <ItemGroup>
    <Filter Include="Platform">
      <UniqueIdentifier>{2AC788B4-1694-E3BF-3FAD-D1672BD9184E}</UniqueIdentifier>
    </Filter>
    <Filter Include="Platform\OpenGL">
      <UniqueIdentifier>{1E7D2C1D-8A08-9AE1-9319-1DD6FF23F6E1}</UniqueIdentifier>
    </Filter>
    <Filter Include="Platform\Windows">
      <UniqueIdentifier>{64FBD71A-50F4-F66C-7926-DCF1657ED678}</UniqueIdentifier>
    </Filter>
    <Filter Include="Yuki">
      <UniqueIdentifier>{27DD8F7C-1314-910D-BC00-7710A8160D0F}</UniqueIdentifier>
    </Filter>
    <Filter Include="Yuki\Events">
      <UniqueIdentifier>{2B57F283-970C-6B79-2001-65508CB5617D}</UniqueIdentifier>
    </Filter>
    <Filter Include="Yuki\ImGui">
      <UniqueIdentifier>{9153699F-7D0B-ABEC-E612-8448D2E945DD}</UniqueIdentifier>
    </Filter>
    <Filter Include="Yuki\Renderer">
      <UniqueIdentifier>{ADDCDF40-199D-5B77-E2D7-A4F44E57A053}</UniqueIdentifier>
    </Filter>
  </ItemGroup>
  <ItemGroup>
    <ClInclude Include="src\Platform\OpenGL\OpenGLContext.h">
      <Filter>Platform\OpenGL</Filter>
    </ClInclude>
    <ClInclude Include="src\Platform\Windows\WindowsInput.h">
      <Filter>Platform\Windows</Filter>
    </ClInclude>
    <ClInclude Include="src\Platform\Windows\WindowsWindow.h">
      <Filter>Platform\Windows</Filter>
    </ClInclude>
    <ClInclude Include="src\Yuki.h" />
    <ClInclude Include="src\Yuki\Application.h">
      <Filter>Yuki</Filter>
    </ClInclude>
    <ClInclude Include="src\Yuki\Core.h">
      <Filter>Yuki</Filter>
    </ClInclude>
    <ClInclude Include="src\Yuki\EntryPoint.h">
      <Filter>Yuki</Filter>
    </ClInclude>
    <ClInclude Include="src\Yuki\Events\ApplicationEvent.h">
      <Filter>Yuki\Events</Filter>
    </ClInclude>
    <ClInclude Include="src\Yuki\Events\Event.h">
      <Filter>Yuki\Events</Filter>
    </ClInclude>
    <ClInclude Include="src\Yuki\Events\KeyEvent.h">
      <Filter>Yuki\Events</Filter>
    </ClInclude>
    <ClInclude Include="src\Yuki\Events\MouseEvent.h">
      <Filter>Yuki\Events</Filter>
    </ClInclude>
    <ClInclude Include="src\Yuki\ImGui\ImGuiLayer.h">
      <Filter>Yuki\ImGui</Filter>
    </ClInclude>
    <ClInclude Include="src\Yuki\Input.h">
      <Filter>Yuki</Filter>
    </ClInclude>
    <ClInclude Include="src\Yuki\Keycodes.h">
      <Filter>Yuki</Filter>
    </ClInclude>
    <ClInclude Include="src\Yuki\Layer.h">
      <Filter>Yuki</Filter>
    </ClInclude>
    <ClInclude Include="src\Yuki\LayerStack.h">
      <Filter>Yuki</Filter>
    </ClInclude>
    <ClInclude Include="src\Yuki\Log.h">
      <Filter>Yuki</Filter>
    </ClInclude>
    <ClInclude Include="src\Yuki\MouseButtonCodes.h">
      <Filter>Yuki</Filter>
    </ClInclude>
    <ClInclude Include="src\Yuki\Renderer\GraphicsContext.h">
      <Filter>Yuki\Renderer</Filter>
    </ClInclude>
    <ClInclude Include="src\Yuki\Window.h">
      <Filter>Yuki</Filter>
    </ClInclude>
    <ClInclude Include="src\Yukipch.h" />
    <ClInclude Include="src\Yuki\Renderer\Shader.h" />
  </ItemGroup>
  <ItemGroup>
    <ClCompile Include="src\Platform\OpenGL\OpenGLContext.cpp">
      <Filter>Platform\OpenGL</Filter>
    </ClCompile>
    <ClCompile Include="src\Platform\Windows\WindowsInput.cpp">
      <Filter>Platform\Windows</Filter>
    </ClCompile>
    <ClCompile Include="src\Platform\Windows\WindowsWindow.cpp">
      <Filter>Platform\Windows</Filter>
    </ClCompile>
    <ClCompile Include="src\Yuki\Application.cpp">
      <Filter>Yuki</Filter>
    </ClCompile>
    <ClCompile Include="src\Yuki\ImGui\ImGuiBuild.cpp">
      <Filter>Yuki\ImGui</Filter>
    </ClCompile>
    <ClCompile Include="src\Yuki\ImGui\ImGuiLayer.cpp">
      <Filter>Yuki\ImGui</Filter>
    </ClCompile>
    <ClCompile Include="src\Yuki\Layer.cpp">
      <Filter>Yuki</Filter>
    </ClCompile>
    <ClCompile Include="src\Yuki\LayerStack.cpp">
      <Filter>Yuki</Filter>
    </ClCompile>
    <ClCompile Include="src\Yuki\Log.cpp">
      <Filter>Yuki</Filter>
    </ClCompile>
    <ClCompile Include="src\Yukipch.cpp" />
    <ClCompile Include="src\Yuki\Renderer\Shader.cpp" />
  </ItemGroup>
</Project>